// !$*UTF8*$!
{
	archiveVersion = 1;
	classes = {
	};
	objectVersion = 56;
	objects = {

/* Begin PBXBuildFile section */
		6C32EAC72A225A4C003B0E1B /* DetalleMovieViewController.swift in Sources */ = {isa = PBXBuildFile; fileRef = 6C32EAC62A225A4C003B0E1B /* DetalleMovieViewController.swift */; };
		6C32EACA2A225C2C003B0E1B /* YouTubeiOSPlayerHelper in Frameworks */ = {isa = PBXBuildFile; productRef = 6C32EAC92A225C2C003B0E1B /* YouTubeiOSPlayerHelper */; };
		6C606EE62A2262BC00933B4E /* ResponseTrailerModel.swift in Sources */ = {isa = PBXBuildFile; fileRef = 6C606EE52A2262BC00933B4E /* ResponseTrailerModel.swift */; };
		6CAEBDF62A191C4C00C4D651 /* AppDelegate.swift in Sources */ = {isa = PBXBuildFile; fileRef = 6CAEBDF52A191C4C00C4D651 /* AppDelegate.swift */; };
		6CAEBDF82A191C4C00C4D651 /* SceneDelegate.swift in Sources */ = {isa = PBXBuildFile; fileRef = 6CAEBDF72A191C4C00C4D651 /* SceneDelegate.swift */; };
		6CAEBDFA2A191C4C00C4D651 /* LoginViewController.swift in Sources */ = {isa = PBXBuildFile; fileRef = 6CAEBDF92A191C4C00C4D651 /* LoginViewController.swift */; };
		6CAEBDFD2A191C4C00C4D651 /* Main.storyboard in Resources */ = {isa = PBXBuildFile; fileRef = 6CAEBDFB2A191C4C00C4D651 /* Main.storyboard */; };
		6CAEBDFF2A191C4D00C4D651 /* Assets.xcassets in Resources */ = {isa = PBXBuildFile; fileRef = 6CAEBDFE2A191C4D00C4D651 /* Assets.xcassets */; };
		6CAEBE022A191C4D00C4D651 /* LaunchScreen.storyboard in Resources */ = {isa = PBXBuildFile; fileRef = 6CAEBE002A191C4D00C4D651 /* LaunchScreen.storyboard */; };
		6CAEBE0A2A191DEB00C4D651 /* GoogleService-Info.plist in Resources */ = {isa = PBXBuildFile; fileRef = 6CAEBE092A191DEB00C4D651 /* GoogleService-Info.plist */; };
		6CAEBE0D2A191F1200C4D651 /* FirebaseAuth in Frameworks */ = {isa = PBXBuildFile; productRef = 6CAEBE0C2A191F1200C4D651 /* FirebaseAuth */; };
		6CAEBE0F2A191F1200C4D651 /* FirebaseFirestore in Frameworks */ = {isa = PBXBuildFile; productRef = 6CAEBE0E2A191F1200C4D651 /* FirebaseFirestore */; };
		6CAEBE112A19234F00C4D651 /* UIVIew+Extension.swift in Sources */ = {isa = PBXBuildFile; fileRef = 6CAEBE102A19234F00C4D651 /* UIVIew+Extension.swift */; };
		6CAEBE132A19275F00C4D651 /* RegistroViewController.swift in Sources */ = {isa = PBXBuildFile; fileRef = 6CAEBE122A19275F00C4D651 /* RegistroViewController.swift */; };
		6CAEBE152A1931B800C4D651 /* HomeViewController.swift in Sources */ = {isa = PBXBuildFile; fileRef = 6CAEBE142A1931B800C4D651 /* HomeViewController.swift */; };
		6CAEBE182A193F3500C4D651 /* MoviesManager.swift in Sources */ = {isa = PBXBuildFile; fileRef = 6CAEBE172A193F3500C4D651 /* MoviesManager.swift */; };
		6CAEBE1B2A193FD100C4D651 /* MovieDataModel.swift in Sources */ = {isa = PBXBuildFile; fileRef = 6CAEBE1A2A193FD100C4D651 /* MovieDataModel.swift */; };
		6CAEBE1F2A1944D900C4D651 /* MovieCell.swift in Sources */ = {isa = PBXBuildFile; fileRef = 6CAEBE1D2A1944D900C4D651 /* MovieCell.swift */; };
		6CAEBE202A1944D900C4D651 /* MovieCell.xib in Resources */ = {isa = PBXBuildFile; fileRef = 6CAEBE1E2A1944D900C4D651 /* MovieCell.xib */; };
		6CAEBE232A194AB700C4D651 /* Kingfisher in Frameworks */ = {isa = PBXBuildFile; productRef = 6CAEBE222A194AB700C4D651 /* Kingfisher */; };
		6CAEBE252A194B4600C4D651 /* Constants.swift in Sources */ = {isa = PBXBuildFile; fileRef = 6CAEBE242A194B4600C4D651 /* Constants.swift */; };
/* End PBXBuildFile section */

/* Begin PBXFileReference section */
		6C32EAC62A225A4C003B0E1B /* DetalleMovieViewController.swift */ = {isa = PBXFileReference; lastKnownFileType = sourcecode.swift; path = DetalleMovieViewController.swift; sourceTree = "<group>"; };
		6C606EE52A2262BC00933B4E /* ResponseTrailerModel.swift */ = {isa = PBXFileReference; lastKnownFileType = sourcecode.swift; path = ResponseTrailerModel.swift; sourceTree = "<group>"; };
		6CAEBDF22A191C4C00C4D651 /* Movies.app */ = {isa = PBXFileReference; explicitFileType = wrapper.application; includeInIndex = 0; path = Movies.app; sourceTree = BUILT_PRODUCTS_DIR; };
		6CAEBDF52A191C4C00C4D651 /* AppDelegate.swift */ = {isa = PBXFileReference; lastKnownFileType = sourcecode.swift; path = AppDelegate.swift; sourceTree = "<group>"; };
		6CAEBDF72A191C4C00C4D651 /* SceneDelegate.swift */ = {isa = PBXFileReference; lastKnownFileType = sourcecode.swift; path = SceneDelegate.swift; sourceTree = "<group>"; };
		6CAEBDF92A191C4C00C4D651 /* LoginViewController.swift */ = {isa = PBXFileReference; lastKnownFileType = sourcecode.swift; path = LoginViewController.swift; sourceTree = "<group>"; };
		6CAEBDFC2A191C4C00C4D651 /* Base */ = {isa = PBXFileReference; lastKnownFileType = file.storyboard; name = Base; path = Base.lproj/Main.storyboard; sourceTree = "<group>"; };
		6CAEBDFE2A191C4D00C4D651 /* Assets.xcassets */ = {isa = PBXFileReference; lastKnownFileType = folder.assetcatalog; path = Assets.xcassets; sourceTree = "<group>"; };
		6CAEBE012A191C4D00C4D651 /* Base */ = {isa = PBXFileReference; lastKnownFileType = file.storyboard; name = Base; path = Base.lproj/LaunchScreen.storyboard; sourceTree = "<group>"; };
		6CAEBE032A191C4D00C4D651 /* Info.plist */ = {isa = PBXFileReference; lastKnownFileType = text.plist.xml; path = Info.plist; sourceTree = "<group>"; };
		6CAEBE092A191DEB00C4D651 /* GoogleService-Info.plist */ = {isa = PBXFileReference; fileEncoding = 4; lastKnownFileType = text.plist.xml; path = "GoogleService-Info.plist"; sourceTree = "<group>"; };
		6CAEBE102A19234F00C4D651 /* UIVIew+Extension.swift */ = {isa = PBXFileReference; lastKnownFileType = sourcecode.swift; path = "UIVIew+Extension.swift"; sourceTree = "<group>"; };
		6CAEBE122A19275F00C4D651 /* RegistroViewController.swift */ = {isa = PBXFileReference; lastKnownFileType = sourcecode.swift; path = RegistroViewController.swift; sourceTree = "<group>"; };
		6CAEBE142A1931B800C4D651 /* HomeViewController.swift */ = {isa = PBXFileReference; lastKnownFileType = sourcecode.swift; path = HomeViewController.swift; sourceTree = "<group>"; };
		6CAEBE172A193F3500C4D651 /* MoviesManager.swift */ = {isa = PBXFileReference; lastKnownFileType = sourcecode.swift; path = MoviesManager.swift; sourceTree = "<group>"; };
		6CAEBE1A2A193FD100C4D651 /* MovieDataModel.swift */ = {isa = PBXFileReference; lastKnownFileType = sourcecode.swift; path = MovieDataModel.swift; sourceTree = "<group>"; };
		6CAEBE1D2A1944D900C4D651 /* MovieCell.swift */ = {isa = PBXFileReference; lastKnownFileType = sourcecode.swift; path = MovieCell.swift; sourceTree = "<group>"; };
		6CAEBE1E2A1944D900C4D651 /* MovieCell.xib */ = {isa = PBXFileReference; lastKnownFileType = file.xib; path = MovieCell.xib; sourceTree = "<group>"; };
		6CAEBE242A194B4600C4D651 /* Constants.swift */ = {isa = PBXFileReference; lastKnownFileType = sourcecode.swift; path = Constants.swift; sourceTree = "<group>"; };
/* End PBXFileReference section */

/* Begin PBXFrameworksBuildPhase section */
		6CAEBDEF2A191C4C00C4D651 /* Frameworks */ = {
			isa = PBXFrameworksBuildPhase;
			buildActionMask = 2147483647;
			files = (
				6CAEBE232A194AB700C4D651 /* Kingfisher in Frameworks */,
				6CAEBE0D2A191F1200C4D651 /* FirebaseAuth in Frameworks */,
				6CAEBE0F2A191F1200C4D651 /* FirebaseFirestore in Frameworks */,
				6C32EACA2A225C2C003B0E1B /* YouTubeiOSPlayerHelper in Frameworks */,
			);
			runOnlyForDeploymentPostprocessing = 0;
		};
/* End PBXFrameworksBuildPhase section */

/* Begin PBXGroup section */
		6CAEBDE92A191C4C00C4D651 = {
			isa = PBXGroup;
			children = (
				6CAEBDF42A191C4C00C4D651 /* Movies */,
				6CAEBDF32A191C4C00C4D651 /* Products */,
			);
			sourceTree = "<group>";
		};
		6CAEBDF32A191C4C00C4D651 /* Products */ = {
			isa = PBXGroup;
			children = (
				6CAEBDF22A191C4C00C4D651 /* Movies.app */,
			);
			name = Products;
			sourceTree = "<group>";
		};
		6CAEBDF42A191C4C00C4D651 /* Movies */ = {
			isa = PBXGroup;
			children = (
				6CAEBE1C2A1944B900C4D651 /* Vista */,
				6CAEBE192A193FC100C4D651 /* Modelo */,
				6CAEBDF52A191C4C00C4D651 /* AppDelegate.swift */,
				6CAEBDF72A191C4C00C4D651 /* SceneDelegate.swift */,
				6CAEBE162A193F1D00C4D651 /* Controlador */,
				6CAEBDFB2A191C4C00C4D651 /* Main.storyboard */,
				6CAEBDFE2A191C4D00C4D651 /* Assets.xcassets */,
				6CAEBE002A191C4D00C4D651 /* LaunchScreen.storyboard */,
				6CAEBE032A191C4D00C4D651 /* Info.plist */,
				6CAEBE092A191DEB00C4D651 /* GoogleService-Info.plist */,
				6CAEBE102A19234F00C4D651 /* UIVIew+Extension.swift */,
				6CAEBE172A193F3500C4D651 /* MoviesManager.swift */,
				6CAEBE242A194B4600C4D651 /* Constants.swift */,
			);
			path = Movies;
			sourceTree = "<group>";
		};
		6CAEBE162A193F1D00C4D651 /* Controlador */ = {
			isa = PBXGroup;
			children = (
				6CAEBE142A1931B800C4D651 /* HomeViewController.swift */,
				6CAEBE122A19275F00C4D651 /* RegistroViewController.swift */,
				6CAEBDF92A191C4C00C4D651 /* LoginViewController.swift */,
				6C32EAC62A225A4C003B0E1B /* DetalleMovieViewController.swift */,
			);
			path = Controlador;
			sourceTree = "<group>";
		};
		6CAEBE192A193FC100C4D651 /* Modelo */ = {
			isa = PBXGroup;
			children = (
				6CAEBE1A2A193FD100C4D651 /* MovieDataModel.swift */,
				6C606EE52A2262BC00933B4E /* ResponseTrailerModel.swift */,
			);
			path = Modelo;
			sourceTree = "<group>";
		};
		6CAEBE1C2A1944B900C4D651 /* Vista */ = {
			isa = PBXGroup;
			children = (
				6CAEBE1D2A1944D900C4D651 /* MovieCell.swift */,
				6CAEBE1E2A1944D900C4D651 /* MovieCell.xib */,
			);
			path = Vista;
			sourceTree = "<group>";
		};
/* End PBXGroup section */

/* Begin PBXNativeTarget section */
		6CAEBDF12A191C4C00C4D651 /* Movies */ = {
			isa = PBXNativeTarget;
			buildConfigurationList = 6CAEBE062A191C4D00C4D651 /* Build configuration list for PBXNativeTarget "Movies" */;
			buildPhases = (
				6CAEBDEE2A191C4C00C4D651 /* Sources */,
				6CAEBDEF2A191C4C00C4D651 /* Frameworks */,
				6CAEBDF02A191C4C00C4D651 /* Resources */,
			);
			buildRules = (
			);
			dependencies = (
			);
			name = Movies;
			packageProductDependencies = (
				6CAEBE0C2A191F1200C4D651 /* FirebaseAuth */,
				6CAEBE0E2A191F1200C4D651 /* FirebaseFirestore */,
				6CAEBE222A194AB700C4D651 /* Kingfisher */,
				6C32EAC92A225C2C003B0E1B /* YouTubeiOSPlayerHelper */,
			);
			productName = Movies;
			productReference = 6CAEBDF22A191C4C00C4D651 /* Movies.app */;
			productType = "com.apple.product-type.application";
		};
/* End PBXNativeTarget section */

/* Begin PBXProject section */
		6CAEBDEA2A191C4C00C4D651 /* Project object */ = {
			isa = PBXProject;
			attributes = {
				BuildIndependentTargetsInParallel = 1;
				LastSwiftUpdateCheck = 1430;
				LastUpgradeCheck = 1430;
				TargetAttributes = {
					6CAEBDF12A191C4C00C4D651 = {
						CreatedOnToolsVersion = 14.3;
					};
				};
			};
			buildConfigurationList = 6CAEBDED2A191C4C00C4D651 /* Build configuration list for PBXProject "Movies" */;
			compatibilityVersion = "Xcode 14.0";
			developmentRegion = en;
			hasScannedForEncodings = 0;
			knownRegions = (
				en,
				Base,
			);
			mainGroup = 6CAEBDE92A191C4C00C4D651;
			packageReferences = (
				6CAEBE0B2A191F1200C4D651 /* XCRemoteSwiftPackageReference "firebase-ios-sdk" */,
				6CAEBE212A194AB700C4D651 /* XCRemoteSwiftPackageReference "Kingfisher" */,
				6C32EAC82A225C2C003B0E1B /* XCRemoteSwiftPackageReference "youtube-ios-player-helper" */,
			);
			productRefGroup = 6CAEBDF32A191C4C00C4D651 /* Products */;
			projectDirPath = "";
			projectRoot = "";
			targets = (
				6CAEBDF12A191C4C00C4D651 /* Movies */,
			);
		};
/* End PBXProject section */

/* Begin PBXResourcesBuildPhase section */
		6CAEBDF02A191C4C00C4D651 /* Resources */ = {
			isa = PBXResourcesBuildPhase;
			buildActionMask = 2147483647;
			files = (
				6CAEBE022A191C4D00C4D651 /* LaunchScreen.storyboard in Resources */,
				6CAEBE0A2A191DEB00C4D651 /* GoogleService-Info.plist in Resources */,
				6CAEBDFF2A191C4D00C4D651 /* Assets.xcassets in Resources */,
				6CAEBDFD2A191C4C00C4D651 /* Main.storyboard in Resources */,
				6CAEBE202A1944D900C4D651 /* MovieCell.xib in Resources */,
			);
			runOnlyForDeploymentPostprocessing = 0;
		};
/* End PBXResourcesBuildPhase section */

/* Begin PBXSourcesBuildPhase section */
		6CAEBDEE2A191C4C00C4D651 /* Sources */ = {
			isa = PBXSourcesBuildPhase;
			buildActionMask = 2147483647;
			files = (
				6C32EAC72A225A4C003B0E1B /* DetalleMovieViewController.swift in Sources */,
				6CAEBDFA2A191C4C00C4D651 /* LoginViewController.swift in Sources */,
				6CAEBDF62A191C4C00C4D651 /* AppDelegate.swift in Sources */,
				6CAEBE1F2A1944D900C4D651 /* MovieCell.swift in Sources */,
				6C606EE62A2262BC00933B4E /* ResponseTrailerModel.swift in Sources */,
				6CAEBE1B2A193FD100C4D651 /* MovieDataModel.swift in Sources */,
				6CAEBE112A19234F00C4D651 /* UIVIew+Extension.swift in Sources */,
				6CAEBE252A194B4600C4D651 /* Constants.swift in Sources */,
				6CAEBE132A19275F00C4D651 /* RegistroViewController.swift in Sources */,
				6CAEBDF82A191C4C00C4D651 /* SceneDelegate.swift in Sources */,
				6CAEBE152A1931B800C4D651 /* HomeViewController.swift in Sources */,
				6CAEBE182A193F3500C4D651 /* MoviesManager.swift in Sources */,
			);
			runOnlyForDeploymentPostprocessing = 0;
		};
/* End PBXSourcesBuildPhase section */

/* Begin PBXVariantGroup section */
		6CAEBDFB2A191C4C00C4D651 /* Main.storyboard */ = {
			isa = PBXVariantGroup;
			children = (
				6CAEBDFC2A191C4C00C4D651 /* Base */,
			);
			name = Main.storyboard;
			sourceTree = "<group>";
		};
		6CAEBE002A191C4D00C4D651 /* LaunchScreen.storyboard */ = {
			isa = PBXVariantGroup;
			children = (
				6CAEBE012A191C4D00C4D651 /* Base */,
			);
			name = LaunchScreen.storyboard;
			sourceTree = "<group>";
		};
/* End PBXVariantGroup section */

/* Begin XCBuildConfiguration section */
		6CAEBE042A191C4D00C4D651 /* Debug */ = {
			isa = XCBuildConfiguration;
			buildSettings = {
				ALWAYS_SEARCH_USER_PATHS = NO;
				CLANG_ANALYZER_NONNULL = YES;
				CLANG_ANALYZER_NUMBER_OBJECT_CONVERSION = YES_AGGRESSIVE;
				CLANG_CXX_LANGUAGE_STANDARD = "gnu++20";
				CLANG_ENABLE_MODULES = YES;
				CLANG_ENABLE_OBJC_ARC = YES;
				CLANG_ENABLE_OBJC_WEAK = YES;
				CLANG_WARN_BLOCK_CAPTURE_AUTORELEASING = YES;
				CLANG_WARN_BOOL_CONVERSION = YES;
				CLANG_WARN_COMMA = YES;
				CLANG_WARN_CONSTANT_CONVERSION = YES;
				CLANG_WARN_DEPRECATED_OBJC_IMPLEMENTATIONS = YES;
				CLANG_WARN_DIRECT_OBJC_ISA_USAGE = YES_ERROR;
				CLANG_WARN_DOCUMENTATION_COMMENTS = YES;
				CLANG_WARN_EMPTY_BODY = YES;
				CLANG_WARN_ENUM_CONVERSION = YES;
				CLANG_WARN_INFINITE_RECURSION = YES;
				CLANG_WARN_INT_CONVERSION = YES;
				CLANG_WARN_NON_LITERAL_NULL_CONVERSION = YES;
				CLANG_WARN_OBJC_IMPLICIT_RETAIN_SELF = YES;
				CLANG_WARN_OBJC_LITERAL_CONVERSION = YES;
				CLANG_WARN_OBJC_ROOT_CLASS = YES_ERROR;
				CLANG_WARN_QUOTED_INCLUDE_IN_FRAMEWORK_HEADER = YES;
				CLANG_WARN_RANGE_LOOP_ANALYSIS = YES;
				CLANG_WARN_STRICT_PROTOTYPES = YES;
				CLANG_WARN_SUSPICIOUS_MOVE = YES;
				CLANG_WARN_UNGUARDED_AVAILABILITY = YES_AGGRESSIVE;
				CLANG_WARN_UNREACHABLE_CODE = YES;
				CLANG_WARN__DUPLICATE_METHOD_MATCH = YES;
				COPY_PHASE_STRIP = NO;
				DEBUG_INFORMATION_FORMAT = dwarf;
				ENABLE_STRICT_OBJC_MSGSEND = YES;
				ENABLE_TESTABILITY = YES;
				GCC_C_LANGUAGE_STANDARD = gnu11;
				GCC_DYNAMIC_NO_PIC = NO;
				GCC_NO_COMMON_BLOCKS = YES;
				GCC_OPTIMIZATION_LEVEL = 0;
				GCC_PREPROCESSOR_DEFINITIONS = (
					"DEBUG=1",
					"$(inherited)",
				);
				GCC_WARN_64_TO_32_BIT_CONVERSION = YES;
				GCC_WARN_ABOUT_RETURN_TYPE = YES_ERROR;
				GCC_WARN_UNDECLARED_SELECTOR = YES;
				GCC_WARN_UNINITIALIZED_AUTOS = YES_AGGRESSIVE;
				GCC_WARN_UNUSED_FUNCTION = YES;
				GCC_WARN_UNUSED_VARIABLE = YES;
				IPHONEOS_DEPLOYMENT_TARGET = 16.4;
				MTL_ENABLE_DEBUG_INFO = INCLUDE_SOURCE;
				MTL_FAST_MATH = YES;
				ONLY_ACTIVE_ARCH = YES;
				SDKROOT = iphoneos;
				SWIFT_ACTIVE_COMPILATION_CONDITIONS = DEBUG;
				SWIFT_OPTIMIZATION_LEVEL = "-Onone";
			};
			name = Debug;
		};
		6CAEBE052A191C4D00C4D651 /* Release */ = {
			isa = XCBuildConfiguration;
			buildSettings = {
				ALWAYS_SEARCH_USER_PATHS = NO;
				CLANG_ANALYZER_NONNULL = YES;
				CLANG_ANALYZER_NUMBER_OBJECT_CONVERSION = YES_AGGRESSIVE;
				CLANG_CXX_LANGUAGE_STANDARD = "gnu++20";
				CLANG_ENABLE_MODULES = YES;
				CLANG_ENABLE_OBJC_ARC = YES;
				CLANG_ENABLE_OBJC_WEAK = YES;
				CLANG_WARN_BLOCK_CAPTURE_AUTORELEASING = YES;
				CLANG_WARN_BOOL_CONVERSION = YES;
				CLANG_WARN_COMMA = YES;
				CLANG_WARN_CONSTANT_CONVERSION = YES;
				CLANG_WARN_DEPRECATED_OBJC_IMPLEMENTATIONS = YES;
				CLANG_WARN_DIRECT_OBJC_ISA_USAGE = YES_ERROR;
				CLANG_WARN_DOCUMENTATION_COMMENTS = YES;
				CLANG_WARN_EMPTY_BODY = YES;
				CLANG_WARN_ENUM_CONVERSION = YES;
				CLANG_WARN_INFINITE_RECURSION = YES;
				CLANG_WARN_INT_CONVERSION = YES;
				CLANG_WARN_NON_LITERAL_NULL_CONVERSION = YES;
				CLANG_WARN_OBJC_IMPLICIT_RETAIN_SELF = YES;
				CLANG_WARN_OBJC_LITERAL_CONVERSION = YES;
				CLANG_WARN_OBJC_ROOT_CLASS = YES_ERROR;
				CLANG_WARN_QUOTED_INCLUDE_IN_FRAMEWORK_HEADER = YES;
				CLANG_WARN_RANGE_LOOP_ANALYSIS = YES;
				CLANG_WARN_STRICT_PROTOTYPES = YES;
				CLANG_WARN_SUSPICIOUS_MOVE = YES;
				CLANG_WARN_UNGUARDED_AVAILABILITY = YES_AGGRESSIVE;
				CLANG_WARN_UNREACHABLE_CODE = YES;
				CLANG_WARN__DUPLICATE_METHOD_MATCH = YES;
				COPY_PHASE_STRIP = NO;
				DEBUG_INFORMATION_FORMAT = "dwarf-with-dsym";
				ENABLE_NS_ASSERTIONS = NO;
				ENABLE_STRICT_OBJC_MSGSEND = YES;
				GCC_C_LANGUAGE_STANDARD = gnu11;
				GCC_NO_COMMON_BLOCKS = YES;
				GCC_WARN_64_TO_32_BIT_CONVERSION = YES;
				GCC_WARN_ABOUT_RETURN_TYPE = YES_ERROR;
				GCC_WARN_UNDECLARED_SELECTOR = YES;
				GCC_WARN_UNINITIALIZED_AUTOS = YES_AGGRESSIVE;
				GCC_WARN_UNUSED_FUNCTION = YES;
				GCC_WARN_UNUSED_VARIABLE = YES;
				IPHONEOS_DEPLOYMENT_TARGET = 16.4;
				MTL_ENABLE_DEBUG_INFO = NO;
				MTL_FAST_MATH = YES;
				SDKROOT = iphoneos;
				SWIFT_COMPILATION_MODE = wholemodule;
				SWIFT_OPTIMIZATION_LEVEL = "-O";
				VALIDATE_PRODUCT = YES;
			};
			name = Release;
		};
		6CAEBE072A191C4D00C4D651 /* Debug */ = {
			isa = XCBuildConfiguration;
			buildSettings = {
				ASSETCATALOG_COMPILER_APPICON_NAME = AppIcon;
				ASSETCATALOG_COMPILER_GLOBAL_ACCENT_COLOR_NAME = AccentColor;
				CODE_SIGN_STYLE = Automatic;
				CURRENT_PROJECT_VERSION = 1;
				DEVELOPMENT_TEAM = 28Z45T22J2;
				GENERATE_INFOPLIST_FILE = YES;
				INFOPLIST_FILE = Movies/Info.plist;
				INFOPLIST_KEY_UIApplicationSupportsIndirectInputEvents = YES;
				INFOPLIST_KEY_UILaunchStoryboardName = LaunchScreen;
				INFOPLIST_KEY_UIMainStoryboardFile = Main;
				INFOPLIST_KEY_UISupportedInterfaceOrientations_iPad = "UIInterfaceOrientationPortrait UIInterfaceOrientationPortraitUpsideDown UIInterfaceOrientationLandscapeLeft UIInterfaceOrientationLandscapeRight";
				INFOPLIST_KEY_UISupportedInterfaceOrientations_iPhone = "UIInterfaceOrientationPortrait UIInterfaceOrientationLandscapeLeft UIInterfaceOrientationLandscapeRight";
				LD_RUNPATH_SEARCH_PATHS = (
					"$(inherited)",
					"@executable_path/Frameworks",
				);
				MARKETING_VERSION = 1.0;
				PRODUCT_BUNDLE_IDENTIFIER = com.rotadevsolutions.Movies;
				PRODUCT_NAME = "$(TARGET_NAME)";
				SWIFT_EMIT_LOC_STRINGS = YES;
				SWIFT_VERSION = 5.0;
				TARGETED_DEVICE_FAMILY = "1,2";
			};
			name = Debug;
		};
		6CAEBE082A191C4D00C4D651 /* Release */ = {
			isa = XCBuildConfiguration;
			buildSettings = {
				ASSETCATALOG_COMPILER_APPICON_NAME = AppIcon;
				ASSETCATALOG_COMPILER_GLOBAL_ACCENT_COLOR_NAME = AccentColor;
				CODE_SIGN_STYLE = Automatic;
				CURRENT_PROJECT_VERSION = 1;
				DEVELOPMENT_TEAM = 28Z45T22J2;
				GENERATE_INFOPLIST_FILE = YES;
				INFOPLIST_FILE = Movies/Info.plist;
				INFOPLIST_KEY_UIApplicationSupportsIndirectInputEvents = YES;
				INFOPLIST_KEY_UILaunchStoryboardName = LaunchScreen;
				INFOPLIST_KEY_UIMainStoryboardFile = Main;
				INFOPLIST_KEY_UISupportedInterfaceOrientations_iPad = "UIInterfaceOrientationPortrait UIInterfaceOrientationPortraitUpsideDown UIInterfaceOrientationLandscapeLeft UIInterfaceOrientationLandscapeRight";
				INFOPLIST_KEY_UISupportedInterfaceOrientations_iPhone = "UIInterfaceOrientationPortrait UIInterfaceOrientationLandscapeLeft UIInterfaceOrientationLandscapeRight";
				LD_RUNPATH_SEARCH_PATHS = (
					"$(inherited)",
					"@executable_path/Frameworks",
				);
				MARKETING_VERSION = 1.0;
				PRODUCT_BUNDLE_IDENTIFIER = com.rotadevsolutions.Movies;
				PRODUCT_NAME = "$(TARGET_NAME)";
				SWIFT_EMIT_LOC_STRINGS = YES;
				SWIFT_VERSION = 5.0;
				TARGETED_DEVICE_FAMILY = "1,2";
			};
			name = Release;
		};
/* End XCBuildConfiguration section */

/* Begin XCConfigurationList section */
		6CAEBDED2A191C4C00C4D651 /* Build configuration list for PBXProject "Movies" */ = {
			isa = XCConfigurationList;
			buildConfigurations = (
				6CAEBE042A191C4D00C4D651 /* Debug */,
				6CAEBE052A191C4D00C4D651 /* Release */,
			);
			defaultConfigurationIsVisible = 0;
			defaultConfigurationName = Release;
		};
		6CAEBE062A191C4D00C4D651 /* Build configuration list for PBXNativeTarget "Movies" */ = {
			isa = XCConfigurationList;
			buildConfigurations = (
				6CAEBE072A191C4D00C4D651 /* Debug */,
				6CAEBE082A191C4D00C4D651 /* Release */,
			);
			defaultConfigurationIsVisible = 0;
			defaultConfigurationName = Release;
		};
/* End XCConfigurationList section */

/* Begin XCRemoteSwiftPackageReference section */
		6C32EAC82A225C2C003B0E1B /* XCRemoteSwiftPackageReference "youtube-ios-player-helper" */ = {
			isa = XCRemoteSwiftPackageReference;
			repositoryURL = "https://github.com/youtube/youtube-ios-player-helper.git";
			requirement = {
				kind = upToNextMajorVersion;
				minimumVersion = 1.0.0;
			};
		};
		6CAEBE0B2A191F1200C4D651 /* XCRemoteSwiftPackageReference "firebase-ios-sdk" */ = {
			isa = XCRemoteSwiftPackageReference;
			repositoryURL = "https://github.com/firebase/firebase-ios-sdk";
			requirement = {
				kind = upToNextMajorVersion;
				minimumVersion = 10.0.0;
			};
		};
		6CAEBE212A194AB700C4D651 /* XCRemoteSwiftPackageReference "Kingfisher" */ = {
			isa = XCRemoteSwiftPackageReference;
			repositoryURL = "https://github.com/onevcat/Kingfisher.git";
			requirement = {
				kind = upToNextMajorVersion;
				minimumVersion = 7.0.0;
			};
		};
/* End XCRemoteSwiftPackageReference section */

/* Begin XCSwiftPackageProductDependency section */
		6C32EAC92A225C2C003B0E1B /* YouTubeiOSPlayerHelper */ = {
			isa = XCSwiftPackageProductDependency;
			package = 6C32EAC82A225C2C003B0E1B /* XCRemoteSwiftPackageReference "youtube-ios-player-helper" */;
			productName = YouTubeiOSPlayerHelper;
		};
		6CAEBE0C2A191F1200C4D651 /* FirebaseAuth */ = {
			isa = XCSwiftPackageProductDependency;
			package = 6CAEBE0B2A191F1200C4D651 /* XCRemoteSwiftPackageReference "firebase-ios-sdk" */;
			productName = FirebaseAuth;
		};
		6CAEBE0E2A191F1200C4D651 /* FirebaseFirestore */ = {
			isa = XCSwiftPackageProductDependency;
			package = 6CAEBE0B2A191F1200C4D651 /* XCRemoteSwiftPackageReference "firebase-ios-sdk" */;
			productName = FirebaseFirestore;
		};
		6CAEBE222A194AB700C4D651 /* Kingfisher */ = {
			isa = XCSwiftPackageProductDependency;
			package = 6CAEBE212A194AB700C4D651 /* XCRemoteSwiftPackageReference "Kingfisher" */;
			productName = Kingfisher;
		};
/* End XCSwiftPackageProductDependency section */
	};
	rootObject = 6CAEBDEA2A191C4C00C4D651 /* Project object */;
}
